
Microsoft Visual Studio Solution File, Format Version 12.00
# Visual Studio Version 16
VisualStudioVersion = 16.0.30517.126
MinimumVisualStudioVersion = 10.0.40219.1
Project("{FAE04EC0-301F-11D3-BF4B-00C04F79EFBC}") = "Executer", "Executer\Executer.csproj", "{CC60B1B3-FCBF-43AE-B788-00D328612856}"
EndProject
Project("{FAE04EC0-301F-11D3-BF4B-00C04F79EFBC}") = "MyAttribute", "MyAttribute\MyAttribute.csproj", "{2FB1F061-27D4-45C7-995B-F5AE937E25A6}"
EndProject
Project("{FAE04EC0-301F-11D3-BF4B-00C04F79EFBC}") = "MyLibrary", "MyLibrary\MyLibrary.csproj", "{4E60DF0E-DE9A-4DD0-BC37-1AB9C4792ADE}"
EndProject
Global
	GlobalSection(SolutionConfigurationPlatforms) = preSolution
		Debug|Any CPU = Debug|Any CPU
		Release|Any CPU = Release|Any CPU
	EndGlobalSection
	GlobalSection(ProjectConfigurationPlatforms) = postSolution
		{CC60B1B3-FCBF-43AE-B788-00D328612856}.Debug|Any CPU.ActiveCfg = Debug|Any CPU
		{CC60B1B3-FCBF-43AE-B788-00D328612856}.Debug|Any CPU.Build.0 = Debug|Any CPU
		{CC60B1B3-FCBF-43AE-B788-00D328612856}.Release|Any CPU.ActiveCfg = Release|Any CPU
		{CC60B1B3-FCBF-43AE-B788-00D328612856}.Release|Any CPU.Build.0 = Release|Any CPU
		{2FB1F061-27D4-45C7-995B-F5AE937E25A6}.Debug|Any CPU.ActiveCfg = Debug|Any CPU
		{2FB1F061-27D4-45C7-995B-F5AE937E25A6}.Debug|Any CPU.Build.0 = Debug|Any CPU
		{2FB1F061-27D4-45C7-995B-F5AE937E25A6}.Release|Any CPU.ActiveCfg = Release|Any CPU
		{2FB1F061-27D4-45C7-995B-F5AE937E25A6}.Release|Any CPU.Build.0 = Release|Any CPU
		{4E60DF0E-DE9A-4DD0-BC37-1AB9C4792ADE}.Debug|Any CPU.ActiveCfg = Debug|Any CPU
		{4E60DF0E-DE9A-4DD0-BC37-1AB9C4792ADE}.Debug|Any CPU.Build.0 = Debug|Any CPU
		{4E60DF0E-DE9A-4DD0-BC37-1AB9C4792ADE}.Release|Any CPU.ActiveCfg = Release|Any CPU
		{4E60DF0E-DE9A-4DD0-BC37-1AB9C4792ADE}.Release|Any CPU.Build.0 = Release|Any CPU
	EndGlobalSection
	GlobalSection(SolutionProperties) = preSolution
		HideSolutionNode = FALSE
	EndGlobalSection
	GlobalSection(ExtensibilityGlobals) = postSolution
		SolutionGuid = {FBEE2C45-03CE-4052-A98F-F355D976C372}
	EndGlobalSection
EndGlobal
